
Microsoft Visual Studio Solution File, Format Version 12.00
# Visual Studio Version 16
VisualStudioVersion = 16.0.31112.23
MinimumVisualStudioVersion = 10.0.40219.1
Project("{FAE04EC0-301F-11D3-BF4B-00C04F79EFBC}") = "ProjekUjianTengahSemester", "ProjekUjianTengahSemester\ProjekUjianTengahSemester.csproj", "{1EB6FC9D-73C7-4586-A825-DEA28E037CF3}"
EndProject
Global
	GlobalSection(SolutionConfigurationPlatforms) = preSolution
		Debug|Any CPU = Debug|Any CPU
		Release|Any CPU = Release|Any CPU
	EndGlobalSection
	GlobalSection(ProjectConfigurationPlatforms) = postSolution
		{1EB6FC9D-73C7-4586-A825-DEA28E037CF3}.Debug|Any CPU.ActiveCfg = Debug|Any CPU
		{1EB6FC9D-73C7-4586-A825-DEA28E037CF3}.Debug|Any CPU.Build.0 = Debug|Any CPU
		{1EB6FC9D-73C7-4586-A825-DEA28E037CF3}.Release|Any CPU.ActiveCfg = Release|Any CPU
		{1EB6FC9D-73C7-4586-A825-DEA28E037CF3}.Release|Any CPU.Build.0 = Release|Any CPU
	EndGlobalSection
	GlobalSection(SolutionProperties) = preSolution
		HideSolutionNode = FALSE
	EndGlobalSection
	GlobalSection(ExtensibilityGlobals) = postSolution
		SolutionGuid = {43EDB5E4-B329-4ACA-B0DC-DEF7FF704B86}
	EndGlobalSection
EndGlobal
